
Microsoft Visual Studio Solution File, Format Version 12.00
# Visual Studio Version 17
VisualStudioVersion = 17.1.32319.34
MinimumVisualStudioVersion = 10.0.40219.1
Project("{FAE04EC0-301F-11D3-BF4B-00C04F79EFBC}") = "Recorrer frases caracter por caracter", "Recorrer frases\Recorrer frases caracter por caracter.csproj", "{75FF3E9E-3513-4786-AC04-A74CCE6C1559}"
EndProject
Project("{FAE04EC0-301F-11D3-BF4B-00C04F79EFBC}") = "Recorrer frase y mostrar sin espacios", "Recorrer frase y mostrar sin espacios\Recorrer frase y mostrar sin espacios.csproj", "{C47847EE-4452-4987-BD85-044480843DEC}"
EndProject
Project("{FAE04EC0-301F-11D3-BF4B-00C04F79EFBC}") = "Recorrer frases y poner en mayusculas", "Recorrer frases y poner en mayusculas\Recorrer frases y poner en mayusculas.csproj", "{0700D356-BE0B-4853-A5F0-BBC218B5410C}"
EndProject
Global
	GlobalSection(SolutionConfigurationPlatforms) = preSolution
		Debug|Any CPU = Debug|Any CPU
		Release|Any CPU = Release|Any CPU
	EndGlobalSection
	GlobalSection(ProjectConfigurationPlatforms) = postSolution
		{75FF3E9E-3513-4786-AC04-A74CCE6C1559}.Debug|Any CPU.ActiveCfg = Debug|Any CPU
		{75FF3E9E-3513-4786-AC04-A74CCE6C1559}.Debug|Any CPU.Build.0 = Debug|Any CPU
		{75FF3E9E-3513-4786-AC04-A74CCE6C1559}.Release|Any CPU.ActiveCfg = Release|Any CPU
		{75FF3E9E-3513-4786-AC04-A74CCE6C1559}.Release|Any CPU.Build.0 = Release|Any CPU
		{C47847EE-4452-4987-BD85-044480843DEC}.Debug|Any CPU.ActiveCfg = Debug|Any CPU
		{C47847EE-4452-4987-BD85-044480843DEC}.Debug|Any CPU.Build.0 = Debug|Any CPU
		{C47847EE-4452-4987-BD85-044480843DEC}.Release|Any CPU.ActiveCfg = Release|Any CPU
		{C47847EE-4452-4987-BD85-044480843DEC}.Release|Any CPU.Build.0 = Release|Any CPU
		{0700D356-BE0B-4853-A5F0-BBC218B5410C}.Debug|Any CPU.ActiveCfg = Debug|Any CPU
		{0700D356-BE0B-4853-A5F0-BBC218B5410C}.Debug|Any CPU.Build.0 = Debug|Any CPU
		{0700D356-BE0B-4853-A5F0-BBC218B5410C}.Release|Any CPU.ActiveCfg = Release|Any CPU
		{0700D356-BE0B-4853-A5F0-BBC218B5410C}.Release|Any CPU.Build.0 = Release|Any CPU
	EndGlobalSection
	GlobalSection(SolutionProperties) = preSolution
		HideSolutionNode = FALSE
	EndGlobalSection
	GlobalSection(ExtensibilityGlobals) = postSolution
		SolutionGuid = {7DF94992-21C6-4493-81DF-660137784342}
	EndGlobalSection
EndGlobal
