
Microsoft Visual Studio Solution File, Format Version 12.00
# Visual Studio Version 16
VisualStudioVersion = 16.0.32602.291
MinimumVisualStudioVersion = 10.0.40219.1
Project("{FAE04EC0-301F-11D3-BF4B-00C04F79EFBC}") = "Calcular volumen vaso", "Calcular volumen vaso\Calcular volumen vaso.csproj", "{6D4416D7-2716-4553-B072-E428D0D65222}"
EndProject
Project("{FAE04EC0-301F-11D3-BF4B-00C04F79EFBC}") = "Asincrono vaso", "Asincrono vaso\Asincrono vaso.csproj", "{A7060ED4-C541-4628-95F4-699CA0D72BA2}"
EndProject
Global
	GlobalSection(SolutionConfigurationPlatforms) = preSolution
		Debug|Any CPU = Debug|Any CPU
		Release|Any CPU = Release|Any CPU
	EndGlobalSection
	GlobalSection(ProjectConfigurationPlatforms) = postSolution
		{6D4416D7-2716-4553-B072-E428D0D65222}.Debug|Any CPU.ActiveCfg = Debug|Any CPU
		{6D4416D7-2716-4553-B072-E428D0D65222}.Debug|Any CPU.Build.0 = Debug|Any CPU
		{6D4416D7-2716-4553-B072-E428D0D65222}.Release|Any CPU.ActiveCfg = Release|Any CPU
		{6D4416D7-2716-4553-B072-E428D0D65222}.Release|Any CPU.Build.0 = Release|Any CPU
		{A7060ED4-C541-4628-95F4-699CA0D72BA2}.Debug|Any CPU.ActiveCfg = Debug|Any CPU
		{A7060ED4-C541-4628-95F4-699CA0D72BA2}.Debug|Any CPU.Build.0 = Debug|Any CPU
		{A7060ED4-C541-4628-95F4-699CA0D72BA2}.Release|Any CPU.ActiveCfg = Release|Any CPU
		{A7060ED4-C541-4628-95F4-699CA0D72BA2}.Release|Any CPU.Build.0 = Release|Any CPU
	EndGlobalSection
	GlobalSection(SolutionProperties) = preSolution
		HideSolutionNode = FALSE
	EndGlobalSection
	GlobalSection(ExtensibilityGlobals) = postSolution
		SolutionGuid = {A26F8478-BD4B-4CF4-BB7F-71041E6F0C26}
	EndGlobalSection
EndGlobal
