
Microsoft Visual Studio Solution File, Format Version 12.00
# Visual Studio Version 17
VisualStudioVersion = 17.2.32630.192
MinimumVisualStudioVersion = 10.0.40219.1
Project("{FAE04EC0-301F-11D3-BF4B-00C04F79EFBC}") = "Escuela", "Escuela\Escuela.csproj", "{36782D0D-CC37-41C3-B6D6-E36784511DC8}"
EndProject
Global
	GlobalSection(SolutionConfigurationPlatforms) = preSolution
		Debug|Any CPU = Debug|Any CPU
		Release|Any CPU = Release|Any CPU
	EndGlobalSection
	GlobalSection(ProjectConfigurationPlatforms) = postSolution
		{36782D0D-CC37-41C3-B6D6-E36784511DC8}.Debug|Any CPU.ActiveCfg = Debug|Any CPU
		{36782D0D-CC37-41C3-B6D6-E36784511DC8}.Debug|Any CPU.Build.0 = Debug|Any CPU
		{36782D0D-CC37-41C3-B6D6-E36784511DC8}.Release|Any CPU.ActiveCfg = Release|Any CPU
		{36782D0D-CC37-41C3-B6D6-E36784511DC8}.Release|Any CPU.Build.0 = Release|Any CPU
	EndGlobalSection
	GlobalSection(SolutionProperties) = preSolution
		HideSolutionNode = FALSE
	EndGlobalSection
	GlobalSection(ExtensibilityGlobals) = postSolution
		SolutionGuid = {F34F49B1-4546-4CCA-ACD8-6C72177C28A0}
	EndGlobalSection
EndGlobal
