
Microsoft Visual Studio Solution File, Format Version 12.00
# Visual Studio Version 17
VisualStudioVersion = 17.1.32319.34
MinimumVisualStudioVersion = 10.0.40219.1
Project("{FAE04EC0-301F-11D3-BF4B-00C04F79EFBC}") = "Calculadora basica", "Calculadora basica\Calculadora basica.csproj", "{7CD61262-FBB2-434D-84C3-93FBEC9E76CC}"
EndProject
Global
	GlobalSection(SolutionConfigurationPlatforms) = preSolution
		Debug|Any CPU = Debug|Any CPU
		Release|Any CPU = Release|Any CPU
	EndGlobalSection
	GlobalSection(ProjectConfigurationPlatforms) = postSolution
		{7CD61262-FBB2-434D-84C3-93FBEC9E76CC}.Debug|Any CPU.ActiveCfg = Debug|Any CPU
		{7CD61262-FBB2-434D-84C3-93FBEC9E76CC}.Debug|Any CPU.Build.0 = Debug|Any CPU
		{7CD61262-FBB2-434D-84C3-93FBEC9E76CC}.Release|Any CPU.ActiveCfg = Release|Any CPU
		{7CD61262-FBB2-434D-84C3-93FBEC9E76CC}.Release|Any CPU.Build.0 = Release|Any CPU
	EndGlobalSection
	GlobalSection(SolutionProperties) = preSolution
		HideSolutionNode = FALSE
	EndGlobalSection
	GlobalSection(ExtensibilityGlobals) = postSolution
		SolutionGuid = {3F492E6F-25A1-4496-9CC4-442E39959619}
	EndGlobalSection
EndGlobal
