
Microsoft Visual Studio Solution File, Format Version 12.00
# Visual Studio Version 17
VisualStudioVersion = 17.1.32319.34
MinimumVisualStudioVersion = 10.0.40219.1
Project("{FAE04EC0-301F-11D3-BF4B-00C04F79EFBC}") = "Random numeros", "Random\Random numeros.csproj", "{BD065E06-F540-4295-AF40-FC2B56D7AC6A}"
EndProject
Global
	GlobalSection(SolutionConfigurationPlatforms) = preSolution
		Debug|Any CPU = Debug|Any CPU
		Release|Any CPU = Release|Any CPU
	EndGlobalSection
	GlobalSection(ProjectConfigurationPlatforms) = postSolution
		{BD065E06-F540-4295-AF40-FC2B56D7AC6A}.Debug|Any CPU.ActiveCfg = Debug|Any CPU
		{BD065E06-F540-4295-AF40-FC2B56D7AC6A}.Debug|Any CPU.Build.0 = Debug|Any CPU
		{BD065E06-F540-4295-AF40-FC2B56D7AC6A}.Release|Any CPU.ActiveCfg = Release|Any CPU
		{BD065E06-F540-4295-AF40-FC2B56D7AC6A}.Release|Any CPU.Build.0 = Release|Any CPU
	EndGlobalSection
	GlobalSection(SolutionProperties) = preSolution
		HideSolutionNode = FALSE
	EndGlobalSection
	GlobalSection(ExtensibilityGlobals) = postSolution
		SolutionGuid = {B7A0744A-9B11-4C56-B660-692990A4A7FB}
	EndGlobalSection
EndGlobal
