
Microsoft Visual Studio Solution File, Format Version 12.00
# Visual Studio Version 16
VisualStudioVersion = 16.0.32602.291
MinimumVisualStudioVersion = 10.0.40219.1
Project("{FAE04EC0-301F-11D3-BF4B-00C04F79EFBC}") = "Restar datetime", "Restar datetime\Restar datetime.csproj", "{DCE755CE-17BD-4818-A702-B52980EA1FD2}"
EndProject
Global
	GlobalSection(SolutionConfigurationPlatforms) = preSolution
		Debug|Any CPU = Debug|Any CPU
		Release|Any CPU = Release|Any CPU
	EndGlobalSection
	GlobalSection(ProjectConfigurationPlatforms) = postSolution
		{DCE755CE-17BD-4818-A702-B52980EA1FD2}.Debug|Any CPU.ActiveCfg = Debug|Any CPU
		{DCE755CE-17BD-4818-A702-B52980EA1FD2}.Debug|Any CPU.Build.0 = Debug|Any CPU
		{DCE755CE-17BD-4818-A702-B52980EA1FD2}.Release|Any CPU.ActiveCfg = Release|Any CPU
		{DCE755CE-17BD-4818-A702-B52980EA1FD2}.Release|Any CPU.Build.0 = Release|Any CPU
	EndGlobalSection
	GlobalSection(SolutionProperties) = preSolution
		HideSolutionNode = FALSE
	EndGlobalSection
	GlobalSection(ExtensibilityGlobals) = postSolution
		SolutionGuid = {3AE0ED1C-B851-4A55-865C-354D55A17954}
	EndGlobalSection
EndGlobal
