
Microsoft Visual Studio Solution File, Format Version 12.00
# Visual Studio Version 17
VisualStudioVersion = 17.1.32319.34
MinimumVisualStudioVersion = 10.0.40219.1
Project("{FAE04EC0-301F-11D3-BF4B-00C04F79EFBC}") = "Arreglos", "Arreglos\Arreglos.csproj", "{8E67F92E-F51E-4F1D-814E-AB3AE6951020}"
EndProject
Global
	GlobalSection(SolutionConfigurationPlatforms) = preSolution
		Debug|Any CPU = Debug|Any CPU
		Release|Any CPU = Release|Any CPU
	EndGlobalSection
	GlobalSection(ProjectConfigurationPlatforms) = postSolution
		{8E67F92E-F51E-4F1D-814E-AB3AE6951020}.Debug|Any CPU.ActiveCfg = Debug|Any CPU
		{8E67F92E-F51E-4F1D-814E-AB3AE6951020}.Debug|Any CPU.Build.0 = Debug|Any CPU
		{8E67F92E-F51E-4F1D-814E-AB3AE6951020}.Release|Any CPU.ActiveCfg = Release|Any CPU
		{8E67F92E-F51E-4F1D-814E-AB3AE6951020}.Release|Any CPU.Build.0 = Release|Any CPU
	EndGlobalSection
	GlobalSection(SolutionProperties) = preSolution
		HideSolutionNode = FALSE
	EndGlobalSection
	GlobalSection(ExtensibilityGlobals) = postSolution
		SolutionGuid = {A2F4C601-4CAF-40BF-8702-61A774AC6D25}
	EndGlobalSection
EndGlobal
