
Microsoft Visual Studio Solution File, Format Version 12.00
# Visual Studio Version 16
VisualStudioVersion = 16.0.32602.291
MinimumVisualStudioVersion = 10.0.40219.1
Project("{FAE04EC0-301F-11D3-BF4B-00C04F79EFBC}") = "Menu bancario", "Menu bancario\Menu bancario.csproj", "{C33C7771-5AA6-4497-B5A4-13FE60C4530B}"
EndProject
Global
	GlobalSection(SolutionConfigurationPlatforms) = preSolution
		Debug|Any CPU = Debug|Any CPU
		Release|Any CPU = Release|Any CPU
	EndGlobalSection
	GlobalSection(ProjectConfigurationPlatforms) = postSolution
		{C33C7771-5AA6-4497-B5A4-13FE60C4530B}.Debug|Any CPU.ActiveCfg = Debug|Any CPU
		{C33C7771-5AA6-4497-B5A4-13FE60C4530B}.Debug|Any CPU.Build.0 = Debug|Any CPU
		{C33C7771-5AA6-4497-B5A4-13FE60C4530B}.Release|Any CPU.ActiveCfg = Release|Any CPU
		{C33C7771-5AA6-4497-B5A4-13FE60C4530B}.Release|Any CPU.Build.0 = Release|Any CPU
	EndGlobalSection
	GlobalSection(SolutionProperties) = preSolution
		HideSolutionNode = FALSE
	EndGlobalSection
	GlobalSection(ExtensibilityGlobals) = postSolution
		SolutionGuid = {63D648F0-CE63-4820-96CC-4953B873A942}
	EndGlobalSection
EndGlobal
