
Microsoft Visual Studio Solution File, Format Version 12.00
# Visual Studio Version 16
VisualStudioVersion = 16.0.32630.194
MinimumVisualStudioVersion = 10.0.40219.1
Project("{FAE04EC0-301F-11D3-BF4B-00C04F79EFBC}") = "Calcular Promedio", "Calcular Promedio\Calcular Promedio.csproj", "{61E2DA50-60D5-4BC0-AAAA-4ACAB4546EE4}"
EndProject
Global
	GlobalSection(SolutionConfigurationPlatforms) = preSolution
		Debug|Any CPU = Debug|Any CPU
		Release|Any CPU = Release|Any CPU
	EndGlobalSection
	GlobalSection(ProjectConfigurationPlatforms) = postSolution
		{61E2DA50-60D5-4BC0-AAAA-4ACAB4546EE4}.Debug|Any CPU.ActiveCfg = Debug|Any CPU
		{61E2DA50-60D5-4BC0-AAAA-4ACAB4546EE4}.Debug|Any CPU.Build.0 = Debug|Any CPU
		{61E2DA50-60D5-4BC0-AAAA-4ACAB4546EE4}.Release|Any CPU.ActiveCfg = Release|Any CPU
		{61E2DA50-60D5-4BC0-AAAA-4ACAB4546EE4}.Release|Any CPU.Build.0 = Release|Any CPU
	EndGlobalSection
	GlobalSection(SolutionProperties) = preSolution
		HideSolutionNode = FALSE
	EndGlobalSection
	GlobalSection(ExtensibilityGlobals) = postSolution
		SolutionGuid = {3932068B-9B32-449C-819F-4B1A8A5EFACE}
	EndGlobalSection
EndGlobal
