
Microsoft Visual Studio Solution File, Format Version 12.00
# Visual Studio Version 16
VisualStudioVersion = 16.0.32630.194
MinimumVisualStudioVersion = 10.0.40219.1
Project("{FAE04EC0-301F-11D3-BF4B-00C04F79EFBC}") = "Dados", "Dados\Dados.csproj", "{18078646-0897-4660-B749-308A7A2E0274}"
EndProject
Global
	GlobalSection(SolutionConfigurationPlatforms) = preSolution
		Debug|Any CPU = Debug|Any CPU
		Release|Any CPU = Release|Any CPU
	EndGlobalSection
	GlobalSection(ProjectConfigurationPlatforms) = postSolution
		{18078646-0897-4660-B749-308A7A2E0274}.Debug|Any CPU.ActiveCfg = Debug|Any CPU
		{18078646-0897-4660-B749-308A7A2E0274}.Debug|Any CPU.Build.0 = Debug|Any CPU
		{18078646-0897-4660-B749-308A7A2E0274}.Release|Any CPU.ActiveCfg = Release|Any CPU
		{18078646-0897-4660-B749-308A7A2E0274}.Release|Any CPU.Build.0 = Release|Any CPU
	EndGlobalSection
	GlobalSection(SolutionProperties) = preSolution
		HideSolutionNode = FALSE
	EndGlobalSection
	GlobalSection(ExtensibilityGlobals) = postSolution
		SolutionGuid = {DA349A73-12EC-480F-A12E-A986F0AF3102}
	EndGlobalSection
EndGlobal
